
Microsoft Visual Studio Solution File, Format Version 12.00
# Visual Studio Version 17
VisualStudioVersion = 17.6.33801.468
MinimumVisualStudioVersion = 10.0.40219.1
Project("{6EC3EE1D-3C4E-46DD-8F32-0CC8E7565705}") = "PaymentService.API", "PaymentServiceAPI\PaymentService.API.fsproj", "{6DFB37FE-A880-4AA8-A6BE-A55CCAD300CA}"
EndProject
Project("{6EC3EE1D-3C4E-46DD-8F32-0CC8E7565705}") = "PaymentService.Services", "PaymentService.Services\PaymentService.Services.fsproj", "{AEAAB37B-DE1C-4201-B9C5-613527414322}"
EndProject
Project("{6EC3EE1D-3C4E-46DD-8F32-0CC8E7565705}") = "PaymentService.Repository", "PaymentService.Repository\PaymentService.Repository.fsproj", "{DDA10CF4-A5F9-49BC-9CE6-B7B9F73AC1F2}"
EndProject
Project("{6EC3EE1D-3C4E-46DD-8F32-0CC8E7565705}") = "PaymentService.Types", "PaymentService.Types\PaymentService.Types.fsproj", "{1791EFA2-668F-467D-8ED8-5FCEE0D6B11C}"
EndProject
Project("{F2A71F9B-5D33-465A-A702-920D77279786}") = "PaymentService.UnitTest", "PaymentService.UnitTest\PaymentService.UnitTest.fsproj", "{42CA9B71-4E83-41B2-ACE7-0DB304F038D6}"
EndProject
Global
	GlobalSection(SolutionConfigurationPlatforms) = preSolution
		Debug|Any CPU = Debug|Any CPU
		Release|Any CPU = Release|Any CPU
	EndGlobalSection
	GlobalSection(ProjectConfigurationPlatforms) = postSolution
		{6DFB37FE-A880-4AA8-A6BE-A55CCAD300CA}.Debug|Any CPU.ActiveCfg = Debug|Any CPU
		{6DFB37FE-A880-4AA8-A6BE-A55CCAD300CA}.Debug|Any CPU.Build.0 = Debug|Any CPU
		{6DFB37FE-A880-4AA8-A6BE-A55CCAD300CA}.Release|Any CPU.ActiveCfg = Release|Any CPU
		{6DFB37FE-A880-4AA8-A6BE-A55CCAD300CA}.Release|Any CPU.Build.0 = Release|Any CPU
		{AEAAB37B-DE1C-4201-B9C5-613527414322}.Debug|Any CPU.ActiveCfg = Debug|Any CPU
		{AEAAB37B-DE1C-4201-B9C5-613527414322}.Debug|Any CPU.Build.0 = Debug|Any CPU
		{AEAAB37B-DE1C-4201-B9C5-613527414322}.Release|Any CPU.ActiveCfg = Release|Any CPU
		{AEAAB37B-DE1C-4201-B9C5-613527414322}.Release|Any CPU.Build.0 = Release|Any CPU
		{DDA10CF4-A5F9-49BC-9CE6-B7B9F73AC1F2}.Debug|Any CPU.ActiveCfg = Debug|Any CPU
		{DDA10CF4-A5F9-49BC-9CE6-B7B9F73AC1F2}.Debug|Any CPU.Build.0 = Debug|Any CPU
		{DDA10CF4-A5F9-49BC-9CE6-B7B9F73AC1F2}.Release|Any CPU.ActiveCfg = Release|Any CPU
		{DDA10CF4-A5F9-49BC-9CE6-B7B9F73AC1F2}.Release|Any CPU.Build.0 = Release|Any CPU
		{1791EFA2-668F-467D-8ED8-5FCEE0D6B11C}.Debug|Any CPU.ActiveCfg = Debug|Any CPU
		{1791EFA2-668F-467D-8ED8-5FCEE0D6B11C}.Debug|Any CPU.Build.0 = Debug|Any CPU
		{1791EFA2-668F-467D-8ED8-5FCEE0D6B11C}.Release|Any CPU.ActiveCfg = Release|Any CPU
		{1791EFA2-668F-467D-8ED8-5FCEE0D6B11C}.Release|Any CPU.Build.0 = Release|Any CPU
		{42CA9B71-4E83-41B2-ACE7-0DB304F038D6}.Debug|Any CPU.ActiveCfg = Debug|Any CPU
		{42CA9B71-4E83-41B2-ACE7-0DB304F038D6}.Debug|Any CPU.Build.0 = Debug|Any CPU
		{42CA9B71-4E83-41B2-ACE7-0DB304F038D6}.Release|Any CPU.ActiveCfg = Release|Any CPU
		{42CA9B71-4E83-41B2-ACE7-0DB304F038D6}.Release|Any CPU.Build.0 = Release|Any CPU
	EndGlobalSection
	GlobalSection(SolutionProperties) = preSolution
		HideSolutionNode = FALSE
	EndGlobalSection
	GlobalSection(ExtensibilityGlobals) = postSolution
		SolutionGuid = {6BE107C1-8E4F-49AA-A59F-CF5C68CA8599}
	EndGlobalSection
EndGlobal
